
Microsoft Visual Studio Solution File, Format Version 12.00
# Visual Studio Version 17
VisualStudioVersion = 17.0.31903.59
MinimumVisualStudioVersion = 10.0.40219.1
Project("{9A19103F-16F7-4668-BE54-9A1E7A4F7556}") = "NeuralNet", "NeuralNet\NeuralNet.csproj", "{0531B292-823A-4EB0-9BDD-91E3BD3C870A}"
EndProject
Project("{9A19103F-16F7-4668-BE54-9A1E7A4F7556}") = "RunNetwork", "RunNetwork\RunNetwork.csproj", "{8659C497-C88B-4DFE-8E9E-36FB1687B843}"
EndProject
Global
	GlobalSection(SolutionConfigurationPlatforms) = preSolution
		Debug|Any CPU = Debug|Any CPU
		Release|Any CPU = Release|Any CPU
	EndGlobalSection
	GlobalSection(ProjectConfigurationPlatforms) = postSolution
		{0531B292-823A-4EB0-9BDD-91E3BD3C870A}.Debug|Any CPU.ActiveCfg = Debug|Any CPU
		{0531B292-823A-4EB0-9BDD-91E3BD3C870A}.Debug|Any CPU.Build.0 = Debug|Any CPU
		{0531B292-823A-4EB0-9BDD-91E3BD3C870A}.Release|Any CPU.ActiveCfg = Release|Any CPU
		{0531B292-823A-4EB0-9BDD-91E3BD3C870A}.Release|Any CPU.Build.0 = Release|Any CPU
		{8659C497-C88B-4DFE-8E9E-36FB1687B843}.Debug|Any CPU.ActiveCfg = Debug|Any CPU
		{8659C497-C88B-4DFE-8E9E-36FB1687B843}.Debug|Any CPU.Build.0 = Debug|Any CPU
		{8659C497-C88B-4DFE-8E9E-36FB1687B843}.Release|Any CPU.ActiveCfg = Release|Any CPU
		{8659C497-C88B-4DFE-8E9E-36FB1687B843}.Release|Any CPU.Build.0 = Release|Any CPU
	EndGlobalSection
	GlobalSection(SolutionProperties) = preSolution
		HideSolutionNode = FALSE
	EndGlobalSection
	GlobalSection(ExtensibilityGlobals) = postSolution
		SolutionGuid = {9EF103AA-CD79-487E-9159-DF25EC5628D5}
	EndGlobalSection
EndGlobal
